
Microsoft Visual Studio Solution File, Format Version 12.00
# Visual Studio Version 16
VisualStudioVersion = 16.0.31410.357
MinimumVisualStudioVersion = 10.0.40219.1
Project("{9A19103F-16F7-4668-BE54-9A1E7A4F7556}") = "DagraacSystems", "DagraacSystems\DagraacSystems.csproj", "{7DBED8AA-D099-4063-B315-E12AEF69C5C7}"
EndProject
Project("{888888A0-9F3D-457C-B088-3A5042F75D52}") = "TableExporter", "TableExporter\TableExporter.pyproj", "{61DC53FB-9443-409F-96CE-12E0281FDF3A}"
EndProject
Project("{9A19103F-16F7-4668-BE54-9A1E7A4F7556}") = "DagraacSystemsExample", "DagraacSystemsExample\DagraacSystemsExample.csproj", "{EFD15F49-CA59-40A2-A55D-58D149EC883D}"
EndProject
Global
	GlobalSection(SolutionConfigurationPlatforms) = preSolution
		Debug|Any CPU = Debug|Any CPU
		Release|Any CPU = Release|Any CPU
	EndGlobalSection
	GlobalSection(ProjectConfigurationPlatforms) = postSolution
		{7DBED8AA-D099-4063-B315-E12AEF69C5C7}.Debug|Any CPU.ActiveCfg = Debug|Any CPU
		{7DBED8AA-D099-4063-B315-E12AEF69C5C7}.Debug|Any CPU.Build.0 = Debug|Any CPU
		{7DBED8AA-D099-4063-B315-E12AEF69C5C7}.Release|Any CPU.ActiveCfg = Release|Any CPU
		{7DBED8AA-D099-4063-B315-E12AEF69C5C7}.Release|Any CPU.Build.0 = Release|Any CPU
		{61DC53FB-9443-409F-96CE-12E0281FDF3A}.Debug|Any CPU.ActiveCfg = Debug|Any CPU
		{61DC53FB-9443-409F-96CE-12E0281FDF3A}.Release|Any CPU.ActiveCfg = Release|Any CPU
		{EFD15F49-CA59-40A2-A55D-58D149EC883D}.Debug|Any CPU.ActiveCfg = Debug|Any CPU
		{EFD15F49-CA59-40A2-A55D-58D149EC883D}.Debug|Any CPU.Build.0 = Debug|Any CPU
		{EFD15F49-CA59-40A2-A55D-58D149EC883D}.Release|Any CPU.ActiveCfg = Release|Any CPU
		{EFD15F49-CA59-40A2-A55D-58D149EC883D}.Release|Any CPU.Build.0 = Release|Any CPU
	EndGlobalSection
	GlobalSection(SolutionProperties) = preSolution
		HideSolutionNode = FALSE
	EndGlobalSection
	GlobalSection(ExtensibilityGlobals) = postSolution
		SolutionGuid = {E4CC5302-6791-4091-988B-7296BE1BCCC4}
	EndGlobalSection
EndGlobal
