
Microsoft Visual Studio Solution File, Format Version 12.00
# Visual Studio Version 17
VisualStudioVersion = 17.3.32811.315
MinimumVisualStudioVersion = 10.0.40219.1
Project("{9A19103F-16F7-4668-BE54-9A1E7A4F7556}") = "DagraacSystems", "DagraacSystems\DagraacSystems.csproj", "{7DBED8AA-D099-4063-B315-E12AEF69C5C7}"
EndProject
Project("{888888A0-9F3D-457C-B088-3A5042F75D52}") = "TableExporter", "TableExporter\TableExporter.pyproj", "{61DC53FB-9443-409F-96CE-12E0281FDF3A}"
EndProject
Project("{9A19103F-16F7-4668-BE54-9A1E7A4F7556}") = "GameFramework", "GameFramework\GameFramework.csproj", "{7083455F-FE62-4BD3-A90C-61DF592B25F3}"
EndProject
Project("{9A19103F-16F7-4668-BE54-9A1E7A4F7556}") = "DagraacSystems.Core", "DagraacSystems.Core\DagraacSystems.Core.csproj", "{306F85F2-605C-4833-9E44-9CBA910C553F}"
EndProject
Project("{9A19103F-16F7-4668-BE54-9A1E7A4F7556}") = "Example", "Example\Example.csproj", "{9ACB695B-5966-4322-9826-3F30E8498F18}"
EndProject
Project("{FAE04EC0-301F-11D3-BF4B-00C04F79EFBC}") = "DagraacSystems.Table", "DagraacSystems.Table\DagraacSystems.Table.csproj", "{051375AC-2865-4362-AFD6-A86CDCEC43B9}"
EndProject
Global
	GlobalSection(SolutionConfigurationPlatforms) = preSolution
		Debug|Any CPU = Debug|Any CPU
		Release|Any CPU = Release|Any CPU
	EndGlobalSection
	GlobalSection(ProjectConfigurationPlatforms) = postSolution
		{7DBED8AA-D099-4063-B315-E12AEF69C5C7}.Debug|Any CPU.ActiveCfg = Debug|Any CPU
		{7DBED8AA-D099-4063-B315-E12AEF69C5C7}.Debug|Any CPU.Build.0 = Debug|Any CPU
		{7DBED8AA-D099-4063-B315-E12AEF69C5C7}.Release|Any CPU.ActiveCfg = Release|Any CPU
		{7DBED8AA-D099-4063-B315-E12AEF69C5C7}.Release|Any CPU.Build.0 = Release|Any CPU
		{61DC53FB-9443-409F-96CE-12E0281FDF3A}.Debug|Any CPU.ActiveCfg = Debug|Any CPU
		{61DC53FB-9443-409F-96CE-12E0281FDF3A}.Release|Any CPU.ActiveCfg = Release|Any CPU
		{7083455F-FE62-4BD3-A90C-61DF592B25F3}.Debug|Any CPU.ActiveCfg = Debug|Any CPU
		{7083455F-FE62-4BD3-A90C-61DF592B25F3}.Debug|Any CPU.Build.0 = Debug|Any CPU
		{7083455F-FE62-4BD3-A90C-61DF592B25F3}.Release|Any CPU.ActiveCfg = Release|Any CPU
		{7083455F-FE62-4BD3-A90C-61DF592B25F3}.Release|Any CPU.Build.0 = Release|Any CPU
		{306F85F2-605C-4833-9E44-9CBA910C553F}.Debug|Any CPU.ActiveCfg = Debug|Any CPU
		{306F85F2-605C-4833-9E44-9CBA910C553F}.Debug|Any CPU.Build.0 = Debug|Any CPU
		{306F85F2-605C-4833-9E44-9CBA910C553F}.Release|Any CPU.ActiveCfg = Release|Any CPU
		{306F85F2-605C-4833-9E44-9CBA910C553F}.Release|Any CPU.Build.0 = Release|Any CPU
		{9ACB695B-5966-4322-9826-3F30E8498F18}.Debug|Any CPU.ActiveCfg = Debug|Any CPU
		{9ACB695B-5966-4322-9826-3F30E8498F18}.Debug|Any CPU.Build.0 = Debug|Any CPU
		{9ACB695B-5966-4322-9826-3F30E8498F18}.Release|Any CPU.ActiveCfg = Release|Any CPU
		{9ACB695B-5966-4322-9826-3F30E8498F18}.Release|Any CPU.Build.0 = Release|Any CPU
		{051375AC-2865-4362-AFD6-A86CDCEC43B9}.Debug|Any CPU.ActiveCfg = Debug|Any CPU
		{051375AC-2865-4362-AFD6-A86CDCEC43B9}.Debug|Any CPU.Build.0 = Debug|Any CPU
		{051375AC-2865-4362-AFD6-A86CDCEC43B9}.Release|Any CPU.ActiveCfg = Release|Any CPU
		{051375AC-2865-4362-AFD6-A86CDCEC43B9}.Release|Any CPU.Build.0 = Release|Any CPU
	EndGlobalSection
	GlobalSection(SolutionProperties) = preSolution
		HideSolutionNode = FALSE
	EndGlobalSection
	GlobalSection(ExtensibilityGlobals) = postSolution
		SolutionGuid = {E4CC5302-6791-4091-988B-7296BE1BCCC4}
	EndGlobalSection
EndGlobal
